
Microsoft Visual Studio Solution File, Format Version 12.00
# Visual Studio Version 17
VisualStudioVersion = 17.3.32811.315
MinimumVisualStudioVersion = 10.0.40219.1
Project("{FAE04EC0-301F-11D3-BF4B-00C04F79EFBC}") = "Vyjimky00", "Vyjimky00\Vyjimky00.csproj", "{357A7064-1C14-4B6A-A2F5-5F1A89A0F9AC}"
EndProject
Project("{FAE04EC0-301F-11D3-BF4B-00C04F79EFBC}") = "Vyjimky02", "Vyjimky02\Vyjimky02.csproj", "{6EDB7DE2-C22F-428A-A308-3A1E0ED98F36}"
EndProject
Project("{FAE04EC0-301F-11D3-BF4B-00C04F79EFBC}") = "Vyjimky01", "Vyjimky01\Vyjimky01.csproj", "{8715ED5D-48D3-4C57-9EDD-4DC0E95EE7F4}"
EndProject
Project("{FAE04EC0-301F-11D3-BF4B-00C04F79EFBC}") = "vyjimky03", "vyjimky03\vyjimky03.csproj", "{D63E8036-A71C-430C-8FA5-7089741C152C}"
EndProject
Project("{FAE04EC0-301F-11D3-BF4B-00C04F79EFBC}") = "Vyjimky04", "Vyjimky04\Vyjimky04.csproj", "{5747609E-21A7-4C45-8B6C-1DF871C2ACCC}"
EndProject
Project("{FAE04EC0-301F-11D3-BF4B-00C04F79EFBC}") = "Vyjimky05", "Vyjimky05\Vyjimky05.csproj", "{DB74D94C-5332-44DE-B442-2B78B93E3BA3}"
EndProject
Project("{FAE04EC0-301F-11D3-BF4B-00C04F79EFBC}") = "vyjimky06", "vyjimky06\vyjimky06.csproj", "{09A263BB-C90F-4BC7-8489-272D5184A2A5}"
EndProject
Global
	GlobalSection(SolutionConfigurationPlatforms) = preSolution
		Debug|Any CPU = Debug|Any CPU
		Release|Any CPU = Release|Any CPU
	EndGlobalSection
	GlobalSection(ProjectConfigurationPlatforms) = postSolution
		{357A7064-1C14-4B6A-A2F5-5F1A89A0F9AC}.Debug|Any CPU.ActiveCfg = Debug|Any CPU
		{357A7064-1C14-4B6A-A2F5-5F1A89A0F9AC}.Debug|Any CPU.Build.0 = Debug|Any CPU
		{357A7064-1C14-4B6A-A2F5-5F1A89A0F9AC}.Release|Any CPU.ActiveCfg = Release|Any CPU
		{357A7064-1C14-4B6A-A2F5-5F1A89A0F9AC}.Release|Any CPU.Build.0 = Release|Any CPU
		{6EDB7DE2-C22F-428A-A308-3A1E0ED98F36}.Debug|Any CPU.ActiveCfg = Debug|Any CPU
		{6EDB7DE2-C22F-428A-A308-3A1E0ED98F36}.Debug|Any CPU.Build.0 = Debug|Any CPU
		{6EDB7DE2-C22F-428A-A308-3A1E0ED98F36}.Release|Any CPU.ActiveCfg = Release|Any CPU
		{6EDB7DE2-C22F-428A-A308-3A1E0ED98F36}.Release|Any CPU.Build.0 = Release|Any CPU
		{8715ED5D-48D3-4C57-9EDD-4DC0E95EE7F4}.Debug|Any CPU.ActiveCfg = Debug|Any CPU
		{8715ED5D-48D3-4C57-9EDD-4DC0E95EE7F4}.Debug|Any CPU.Build.0 = Debug|Any CPU
		{8715ED5D-48D3-4C57-9EDD-4DC0E95EE7F4}.Release|Any CPU.ActiveCfg = Release|Any CPU
		{8715ED5D-48D3-4C57-9EDD-4DC0E95EE7F4}.Release|Any CPU.Build.0 = Release|Any CPU
		{D63E8036-A71C-430C-8FA5-7089741C152C}.Debug|Any CPU.ActiveCfg = Debug|Any CPU
		{D63E8036-A71C-430C-8FA5-7089741C152C}.Debug|Any CPU.Build.0 = Debug|Any CPU
		{D63E8036-A71C-430C-8FA5-7089741C152C}.Release|Any CPU.ActiveCfg = Release|Any CPU
		{D63E8036-A71C-430C-8FA5-7089741C152C}.Release|Any CPU.Build.0 = Release|Any CPU
		{5747609E-21A7-4C45-8B6C-1DF871C2ACCC}.Debug|Any CPU.ActiveCfg = Debug|Any CPU
		{5747609E-21A7-4C45-8B6C-1DF871C2ACCC}.Debug|Any CPU.Build.0 = Debug|Any CPU
		{5747609E-21A7-4C45-8B6C-1DF871C2ACCC}.Release|Any CPU.ActiveCfg = Release|Any CPU
		{5747609E-21A7-4C45-8B6C-1DF871C2ACCC}.Release|Any CPU.Build.0 = Release|Any CPU
		{DB74D94C-5332-44DE-B442-2B78B93E3BA3}.Debug|Any CPU.ActiveCfg = Debug|Any CPU
		{DB74D94C-5332-44DE-B442-2B78B93E3BA3}.Debug|Any CPU.Build.0 = Debug|Any CPU
		{DB74D94C-5332-44DE-B442-2B78B93E3BA3}.Release|Any CPU.ActiveCfg = Release|Any CPU
		{DB74D94C-5332-44DE-B442-2B78B93E3BA3}.Release|Any CPU.Build.0 = Release|Any CPU
		{09A263BB-C90F-4BC7-8489-272D5184A2A5}.Debug|Any CPU.ActiveCfg = Debug|Any CPU
		{09A263BB-C90F-4BC7-8489-272D5184A2A5}.Debug|Any CPU.Build.0 = Debug|Any CPU
		{09A263BB-C90F-4BC7-8489-272D5184A2A5}.Release|Any CPU.ActiveCfg = Release|Any CPU
		{09A263BB-C90F-4BC7-8489-272D5184A2A5}.Release|Any CPU.Build.0 = Release|Any CPU
	EndGlobalSection
	GlobalSection(SolutionProperties) = preSolution
		HideSolutionNode = FALSE
	EndGlobalSection
	GlobalSection(ExtensibilityGlobals) = postSolution
		SolutionGuid = {16C3CC4E-0F48-46F7-AD70-33ADE04B0B09}
	EndGlobalSection
EndGlobal
